Microsoft Visual Studio Solution File, Format Version 12.00
# Visual Studio Version 17
VisualStudioVersion = 17.5.2.0
MinimumVisualStudioVersion = 10.0.40219.1
Project("{2150E333-8FDC-42A3-9474-1A3956D46DE8}") = "api", "api", "{D82C56D6-B2CD-F611-9E31-04638F7EC30E}"
EndProject
Project("{FAE04EC0-301F-11D3-BF4B-00C04F79EFBC}") = "InRemedy.Api", "api\InRemedy.Api\InRemedy.Api.csproj", "{785EDECE-541E-1DFB-7DAD-C89AEA42479C}"
EndProject
Project("{2150E333-8FDC-42A3-9474-1A3956D46DE8}") = "launcher", "launcher", "{2C66ADF1-3B8E-42AD-9FB7-89C425704FCB}"
EndProject
Project("{FAE04EC0-301F-11D3-BF4B-00C04F79EFBC}") = "InRemedy.Desktop", "launcher\InRemedy.Desktop\InRemedy.Desktop.csproj", "{290F91DD-95C5-476C-9389-B267C879FEC7}"
EndProject
Global
	GlobalSection(SolutionConfigurationPlatforms) = preSolution
		Debug|Any CPU = Debug|Any CPU
		Release|Any CPU = Release|Any CPU
	EndGlobalSection
	GlobalSection(ProjectConfigurationPlatforms) = postSolution
		{785EDECE-541E-1DFB-7DAD-C89AEA42479C}.Debug|Any CPU.ActiveCfg = Debug|Any CPU
		{785EDECE-541E-1DFB-7DAD-C89AEA42479C}.Debug|Any CPU.Build.0 = Debug|Any CPU
		{785EDECE-541E-1DFB-7DAD-C89AEA42479C}.Release|Any CPU.ActiveCfg = Release|Any CPU
		{785EDECE-541E-1DFB-7DAD-C89AEA42479C}.Release|Any CPU.Build.0 = Release|Any CPU
		{290F91DD-95C5-476C-9389-B267C879FEC7}.Debug|Any CPU.ActiveCfg = Debug|Any CPU
		{290F91DD-95C5-476C-9389-B267C879FEC7}.Debug|Any CPU.Build.0 = Debug|Any CPU
		{290F91DD-95C5-476C-9389-B267C879FEC7}.Release|Any CPU.ActiveCfg = Release|Any CPU
		{290F91DD-95C5-476C-9389-B267C879FEC7}.Release|Any CPU.Build.0 = Release|Any CPU
	EndGlobalSection
	GlobalSection(SolutionProperties) = preSolution
		HideSolutionNode = FALSE
	EndGlobalSection
	GlobalSection(NestedProjects) = preSolution
		{785EDECE-541E-1DFB-7DAD-C89AEA42479C} = {D82C56D6-B2CD-F611-9E31-04638F7EC30E}
		{290F91DD-95C5-476C-9389-B267C879FEC7} = {2C66ADF1-3B8E-42AD-9FB7-89C425704FCB}
	EndGlobalSection
	GlobalSection(ExtensibilityGlobals) = postSolution
		SolutionGuid = {413AC856-4BDA-4D65-874B-FC1286526478}
	EndGlobalSection
EndGlobal
